schema: '2.0'
stages:
  train:
    cmd: python model/train_mlflow.py
    deps:
    - path: data/raw/healthcare-dataset-stroke-data.csv
      hash: md5
      md5: 3f25a4c2f2963d969e1a156c08968577
      size: 316971
    - path: model/train_mlflow.py
      hash: md5
      md5: bcc4f150c089fb03e67ff6d0b663c9bc
      size: 3015
    params:
      params.yaml:
        model.max_depth: 8
        model.n_estimators: 500
        train.use_smote: true
    outs:
    - path: model/artifacts/latest
      hash: md5
      md5: 882860b6f69b3bf1db5940c47533dda3.dir
      size: 7739907
      nfiles: 2
