schema: '2.0'
stages:
  train:
    cmd: python model/train_mlflow.py
    deps:
    - path: data/raw/healthcare-dataset-stroke-data.csv
      hash: md5
      md5: 3f25a4c2f2963d969e1a156c08968577
      size: 316971
    - path: model/train_mlflow.py
      hash: md5
      md5: 5e64cbb4183a66dc1b4bc871adc87b6e
      size: 3116
    params:
      params.yaml:
        model.max_depth: 8
        model.n_estimators: 500
        train.use_smote: true
    outs:
    - path: model/artifacts/latest
      hash: md5
      md5: 61119bb7dc01e8830d8f1ececf768cfc.dir
      size: 7739907
      nfiles: 2
